
Microsoft Visual Studio Solution File, Format Version 12.00
# Visual Studio Version 17
VisualStudioVersion = 17.7.34202.233
MinimumVisualStudioVersion = 10.0.40219.1
Project("{FAE04EC0-301F-11D3-BF4B-00C04F79EFBC}") = "QLThuVien", "QLThuVien\QLThuVien.csproj", "{2BF39707-6C28-494F-AE0C-F3E09233CBC1}"
EndProject
Global
	GlobalSection(SolutionConfigurationPlatforms) = preSolution
		Debug|Any CPU = Debug|Any CPU
		Release|Any CPU = Release|Any CPU
	EndGlobalSection
	GlobalSection(ProjectConfigurationPlatforms) = postSolution
		{2BF39707-6C28-494F-AE0C-F3E09233CBC1}.Debug|Any CPU.ActiveCfg = Debug|Any CPU
		{2BF39707-6C28-494F-AE0C-F3E09233CBC1}.Debug|Any CPU.Build.0 = Debug|Any CPU
		{2BF39707-6C28-494F-AE0C-F3E09233CBC1}.Release|Any CPU.ActiveCfg = Release|Any CPU
		{2BF39707-6C28-494F-AE0C-F3E09233CBC1}.Release|Any CPU.Build.0 = Release|Any CPU
	EndGlobalSection
	GlobalSection(SolutionProperties) = preSolution
		HideSolutionNode = FALSE
	EndGlobalSection
	GlobalSection(ExtensibilityGlobals) = postSolution
		SolutionGuid = {0B550162-9283-433F-982B-0913EFDAB3AA}
	EndGlobalSection
EndGlobal
